// !$*UTF8*$!
{
	archiveVersion = 1;
	classes = {
	};
	objectVersion = 46;
	objects = {

/* Begin PBXBuildFile section */
		3F8EA649254278BC9D69A5C7 /* Pods_LoFuAnimals.framework in Frameworks */ = {isa = PBXBuildFile; fileRef = 873C3E11E3DA24DDA10750E4 /* Pods_LoFuAnimals.framework */; settings = {ATTRIBUTES = (Weak, ); }; };
		B507A7B81ABE2EEA002AB588 /* cartoonist_kooky_readme.txt in Resources */ = {isa = PBXBuildFile; fileRef = B507A7B41ABE2EEA002AB588 /* cartoonist_kooky_readme.txt */; };
		B507A7B91ABE2EEA002AB588 /* cartoonist_kooky.ttf in Resources */ = {isa = PBXBuildFile; fileRef = B507A7B51ABE2EEA002AB588 /* cartoonist_kooky.ttf */; };
		B507A7BA1ABE2EEA002AB588 /* Delius-Regular.ttf in Resources */ = {isa = PBXBuildFile; fileRef = B507A7B61ABE2EEA002AB588 /* Delius-Regular.ttf */; };
		B507A7BB1ABE2EEA002AB588 /* OFL.txt in Resources */ = {isa = PBXBuildFile; fileRef = B507A7B71ABE2EEA002AB588 /* OFL.txt */; };
		B53FB7451AB65C2F00BD4BBA /* AppState.swift in Sources */ = {isa = PBXBuildFile; fileRef = B53FB7441AB65C2F00BD4BBA /* AppState.swift */; };
		B53FB74B1AB67B6700BD4BBA /* ViewController.swift in Sources */ = {isa = PBXBuildFile; fileRef = B53FB74A1AB67B6700BD4BBA /* ViewController.swift */; };
		B53FB7511AB67B9E00BD4BBA /* WritingViewController.swift in Sources */ = {isa = PBXBuildFile; fileRef = B53FB7501AB67B9E00BD4BBA /* WritingViewController.swift */; };
		B57A08F51ABB75E300ABEF5A /* SummaryViewController.swift in Sources */ = {isa = PBXBuildFile; fileRef = B57A08F41ABB75E300ABEF5A /* SummaryViewController.swift */; };
		B5DDB97D1AB9DFBA00C6F5C6 /* MatchingViewController.swift in Sources */ = {isa = PBXBuildFile; fileRef = B5DDB97C1AB9DFBA00C6F5C6 /* MatchingViewController.swift */; };
		B5EFDDAF1AB3B916006D96B5 /* AppDelegate.swift in Sources */ = {isa = PBXBuildFile; fileRef = B5EFDDAE1AB3B916006D96B5 /* AppDelegate.swift */; };
		B5EFDDB41AB3B916006D96B5 /* Main.storyboard in Resources */ = {isa = PBXBuildFile; fileRef = B5EFDDB21AB3B916006D96B5 /* Main.storyboard */; };
		B5EFDDB61AB3B916006D96B5 /* Images.xcassets in Resources */ = {isa = PBXBuildFile; fileRef = B5EFDDB51AB3B916006D96B5 /* Images.xcassets */; };
		B5EFDDB91AB3B916006D96B5 /* LaunchScreen.xib in Resources */ = {isa = PBXBuildFile; fileRef = B5EFDDB71AB3B916006D96B5 /* LaunchScreen.xib */; };
		B5EFDDC51AB3B916006D96B5 /* LoFuAnimalsTests.swift in Sources */ = {isa = PBXBuildFile; fileRef = B5EFDDC41AB3B916006D96B5 /* LoFuAnimalsTests.swift */; };
		B5EFDDCF1AB3BAF2006D96B5 /* WelcomeViewController.swift in Sources */ = {isa = PBXBuildFile; fileRef = B5EFDDCE1AB3BAF2006D96B5 /* WelcomeViewController.swift */; };
		B5F4E6B31AB4CF7900BDCD6B /* FlashcardViewController.swift in Sources */ = {isa = PBXBuildFile; fileRef = B5F4E6B21AB4CF7900BDCD6B /* FlashcardViewController.swift */; };
/* End PBXBuildFile section */

/* Begin PBXContainerItemProxy section */
		B5EFDDBF1AB3B916006D96B5 /* PBXContainerItemProxy */ = {
			isa = PBXContainerItemProxy;
			containerPortal = B5EFDDA11AB3B916006D96B5 /* Project object */;
			proxyType = 1;
			remoteGlobalIDString = B5EFDDA81AB3B916006D96B5;
			remoteInfo = LoFuAnimals;
		};
/* End PBXContainerItemProxy section */

/* Begin PBXFileReference section */
		380D35A473455F90ADAF9161 /* Pods-LoFuAnimals.debug.xcconfig */ = {isa = PBXFileReference; includeInIndex = 1; lastKnownFileType = text.xcconfig; name = "Pods-LoFuAnimals.debug.xcconfig"; path = "Pods/Target Support Files/Pods-LoFuAnimals/Pods-LoFuAnimals.debug.xcconfig"; sourceTree = "<group>"; };
		873C3E11E3DA24DDA10750E4 /* Pods_LoFuAnimals.framework */ = {isa = PBXFileReference; explicitFileType = wrapper.framework; includeInIndex = 0; path = Pods_LoFuAnimals.framework; sourceTree = BUILT_PRODUCTS_DIR; };
		A9D538043D491C68D301F74B /* Pods-LoFuAnimals.release.xcconfig */ = {isa = PBXFileReference; includeInIndex = 1; lastKnownFileType = text.xcconfig; name = "Pods-LoFuAnimals.release.xcconfig"; path = "Pods/Target Support Files/Pods-LoFuAnimals/Pods-LoFuAnimals.release.xcconfig"; sourceTree = "<group>"; };
		B507A7B41ABE2EEA002AB588 /* cartoonist_kooky_readme.txt */ = {isa = PBXFileReference; fileEncoding = 4; lastKnownFileType = text; path = cartoonist_kooky_readme.txt; sourceTree = "<group>"; };
		B507A7B51ABE2EEA002AB588 /* cartoonist_kooky.ttf */ = {isa = PBXFileReference; lastKnownFileType = file; path = cartoonist_kooky.ttf; sourceTree = "<group>"; };
		B507A7B61ABE2EEA002AB588 /* Delius-Regular.ttf */ = {isa = PBXFileReference; lastKnownFileType = file; path = "Delius-Regular.ttf"; sourceTree = "<group>"; };
		B507A7B71ABE2EEA002AB588 /* OFL.txt */ = {isa = PBXFileReference; fileEncoding = 4; lastKnownFileType = text; path = OFL.txt; sourceTree = "<group>"; };
		B53FB7441AB65C2F00BD4BBA /* AppState.swift */ = {isa = PBXFileReference; fileEncoding = 4; lastKnownFileType = sourcecode.swift; path = AppState.swift; sourceTree = "<group>"; };
		B53FB74A1AB67B6700BD4BBA /* ViewController.swift */ = {isa = PBXFileReference; fileEncoding = 4; lastKnownFileType = sourcecode.swift; path = ViewController.swift; sourceTree = "<group>"; };
		B53FB7501AB67B9E00BD4BBA /* WritingViewController.swift */ = {isa = PBXFileReference; fileEncoding = 4; lastKnownFileType = sourcecode.swift; path = WritingViewController.swift; sourceTree = "<group>"; };
		B57A08F41ABB75E300ABEF5A /* SummaryViewController.swift */ = {isa = PBXFileReference; fileEncoding = 4; lastKnownFileType = sourcecode.swift; path = SummaryViewController.swift; sourceTree = "<group>"; };
		B5DDB97C1AB9DFBA00C6F5C6 /* MatchingViewController.swift */ = {isa = PBXFileReference; fileEncoding = 4; lastKnownFileType = sourcecode.swift; path = MatchingViewController.swift; sourceTree = "<group>"; };
		B5EFDDA91AB3B916006D96B5 /* LoFuAnimals.app */ = {isa = PBXFileReference; explicitFileType = wrapper.application; includeInIndex = 0; path = LoFuAnimals.app; sourceTree = BUILT_PRODUCTS_DIR; };
		B5EFDDAD1AB3B916006D96B5 /* Info.plist */ = {isa = PBXFileReference; lastKnownFileType = text.plist.xml; path = Info.plist; sourceTree = "<group>"; };
		B5EFDDAE1AB3B916006D96B5 /* AppDelegate.swift */ = {isa = PBXFileReference; lastKnownFileType = sourcecode.swift; path = AppDelegate.swift; sourceTree = "<group>"; };
		B5EFDDB31AB3B916006D96B5 /* Base */ = {isa = PBXFileReference; lastKnownFileType = file.storyboard; name = Base; path = Base.lproj/Main.storyboard; sourceTree = "<group>"; };
		B5EFDDB51AB3B916006D96B5 /* Images.xcassets */ = {isa = PBXFileReference; lastKnownFileType = folder.assetcatalog; path = Images.xcassets; sourceTree = "<group>"; };
		B5EFDDB81AB3B916006D96B5 /* Base */ = {isa = PBXFileReference; lastKnownFileType = file.xib; name = Base; path = Base.lproj/LaunchScreen.xib; sourceTree = "<group>"; };
		B5EFDDBE1AB3B916006D96B5 /* LoFuAnimalsTests.xctest */ = {isa = PBXFileReference; explicitFileType = wrapper.cfbundle; includeInIndex = 0; path = LoFuAnimalsTests.xctest; sourceTree = BUILT_PRODUCTS_DIR; };
		B5EFDDC31AB3B916006D96B5 /* Info.plist */ = {isa = PBXFileReference; lastKnownFileType = text.plist.xml; path = Info.plist; sourceTree = "<group>"; };
		B5EFDDC41AB3B916006D96B5 /* LoFuAnimalsTests.swift */ = {isa = PBXFileReference; lastKnownFileType = sourcecode.swift; path = LoFuAnimalsTests.swift; sourceTree = "<group>"; };
		B5EFDDCE1AB3BAF2006D96B5 /* WelcomeViewController.swift */ = {isa = PBXFileReference; fileEncoding = 4; lastKnownFileType = sourcecode.swift; path = WelcomeViewController.swift; sourceTree = "<group>"; };
		B5F4E6B21AB4CF7900BDCD6B /* FlashcardViewController.swift */ = {isa = PBXFileReference; fileEncoding = 4; lastKnownFileType = sourcecode.swift; path = FlashcardViewController.swift; sourceTree = "<group>"; };
/* End PBXFileReference section */

/* Begin PBXFrameworksBuildPhase section */
		B5EFDDA61AB3B916006D96B5 /* Frameworks */ = {
			isa = PBXFrameworksBuildPhase;
			buildActionMask = 2147483647;
			files = (
				3F8EA649254278BC9D69A5C7 /* Pods_LoFuAnimals.framework in Frameworks */,
			);
			runOnlyForDeploymentPostprocessing = 0;
		};
		B5EFDDBB1AB3B916006D96B5 /* Frameworks */ = {
			isa = PBXFrameworksBuildPhase;
			buildActionMask = 2147483647;
			files = (
			);
			runOnlyForDeploymentPostprocessing = 0;
		};
/* End PBXFrameworksBuildPhase section */

/* Begin PBXGroup section */
		B507A7B21ABE2ECD002AB588 /* Resources */ = {
			isa = PBXGroup;
			children = (
				B507A7B31ABE2ED5002AB588 /* Fonts */,
			);
			name = Resources;
			sourceTree = "<group>";
		};
		B507A7B31ABE2ED5002AB588 /* Fonts */ = {
			isa = PBXGroup;
			children = (
				B507A7B41ABE2EEA002AB588 /* cartoonist_kooky_readme.txt */,
				B507A7B51ABE2EEA002AB588 /* cartoonist_kooky.ttf */,
				B507A7B61ABE2EEA002AB588 /* Delius-Regular.ttf */,
				B507A7B71ABE2EEA002AB588 /* OFL.txt */,
			);
			name = Fonts;
			sourceTree = "<group>";
		};
		B5EFDDA01AB3B916006D96B5 = {
			isa = PBXGroup;
			children = (
				B5EFDDAB1AB3B916006D96B5 /* LoFuAnimals */,
				B5EFDDC11AB3B916006D96B5 /* LoFuAnimalsTests */,
				B5EFDDAA1AB3B916006D96B5 /* Products */,
				DAFEE5A75E96385FEFDC363A /* Pods */,
				FF515AAE44C01F3264AB2740 /* Frameworks */,
			);
			sourceTree = "<group>";
		};
		B5EFDDAA1AB3B916006D96B5 /* Products */ = {
			isa = PBXGroup;
			children = (
				B5EFDDA91AB3B916006D96B5 /* LoFuAnimals.app */,
				B5EFDDBE1AB3B916006D96B5 /* LoFuAnimalsTests.xctest */,
			);
			name = Products;
			sourceTree = "<group>";
		};
		B5EFDDAB1AB3B916006D96B5 /* LoFuAnimals */ = {
			isa = PBXGroup;
			children = (
				B507A7B21ABE2ECD002AB588 /* Resources */,
				B5EFDDAE1AB3B916006D96B5 /* AppDelegate.swift */,
				B5EFDDB21AB3B916006D96B5 /* Main.storyboard */,
				B57A08F41ABB75E300ABEF5A /* SummaryViewController.swift */,
				B5DDB97C1AB9DFBA00C6F5C6 /* MatchingViewController.swift */,
				B5F4E6B21AB4CF7900BDCD6B /* FlashcardViewController.swift */,
				B53FB74A1AB67B6700BD4BBA /* ViewController.swift */,
				B53FB7501AB67B9E00BD4BBA /* WritingViewController.swift */,
				B5EFDDCE1AB3BAF2006D96B5 /* WelcomeViewController.swift */,
				B5EFDDB51AB3B916006D96B5 /* Images.xcassets */,
				B5EFDDB71AB3B916006D96B5 /* LaunchScreen.xib */,
				B5EFDDAC1AB3B916006D96B5 /* Supporting Files */,
				B53FB7441AB65C2F00BD4BBA /* AppState.swift */,
			);
			path = LoFuAnimals;
			sourceTree = "<group>";
		};
		B5EFDDAC1AB3B916006D96B5 /* Supporting Files */ = {
			isa = PBXGroup;
			children = (
				B5EFDDAD1AB3B916006D96B5 /* Info.plist */,
			);
			name = "Supporting Files";
			sourceTree = "<group>";
		};
		B5EFDDC11AB3B916006D96B5 /* LoFuAnimalsTests */ = {
			isa = PBXGroup;
			children = (
				B5EFDDC41AB3B916006D96B5 /* LoFuAnimalsTests.swift */,
				B5EFDDC21AB3B916006D96B5 /* Supporting Files */,
			);
			path = LoFuAnimalsTests;
			sourceTree = "<group>";
		};
		B5EFDDC21AB3B916006D96B5 /* Supporting Files */ = {
			isa = PBXGroup;
			children = (
				B5EFDDC31AB3B916006D96B5 /* Info.plist */,
			);
			name = "Supporting Files";
			sourceTree = "<group>";
		};
		DAFEE5A75E96385FEFDC363A /* Pods */ = {
			isa = PBXGroup;
			children = (
				380D35A473455F90ADAF9161 /* Pods-LoFuAnimals.debug.xcconfig */,
				A9D538043D491C68D301F74B /* Pods-LoFuAnimals.release.xcconfig */,
			);
			name = Pods;
			sourceTree = "<group>";
		};
		FF515AAE44C01F3264AB2740 /* Frameworks */ = {
			isa = PBXGroup;
			children = (
				873C3E11E3DA24DDA10750E4 /* Pods_LoFuAnimals.framework */,
			);
			name = Frameworks;
			sourceTree = "<group>";
		};
/* End PBXGroup section */

/* Begin PBXNativeTarget section */
		B5EFDDA81AB3B916006D96B5 /* LoFuAnimals */ = {
			isa = PBXNativeTarget;
			buildConfigurationList = B5EFDDC81AB3B916006D96B5 /* Build configuration list for PBXNativeTarget "LoFuAnimals" */;
			buildPhases = (
				8AB62E9D7EDB2ABFBA71F0AA /* Check Pods Manifest.lock */,
				B5EFDDA51AB3B916006D96B5 /* Sources */,
				B5EFDDA61AB3B916006D96B5 /* Frameworks */,
				B5EFDDA71AB3B916006D96B5 /* Resources */,
				CD34015A19B1A979CDB01B72 /* Embed Pods Frameworks */,
				548FD38ECC1B2B1E99C59740 /* Copy Pods Resources */,
			);
			buildRules = (
			);
			dependencies = (
			);
			name = LoFuAnimals;
			productName = LoFuAnimals;
			productReference = B5EFDDA91AB3B916006D96B5 /* LoFuAnimals.app */;
			productType = "com.apple.product-type.application";
		};
		B5EFDDBD1AB3B916006D96B5 /* LoFuAnimalsTests */ = {
			isa = PBXNativeTarget;
			buildConfigurationList = B5EFDDCB1AB3B916006D96B5 /* Build configuration list for PBXNativeTarget "LoFuAnimalsTests" */;
			buildPhases = (
				B5EFDDBA1AB3B916006D96B5 /* Sources */,
				B5EFDDBB1AB3B916006D96B5 /* Frameworks */,
				B5EFDDBC1AB3B916006D96B5 /* Resources */,
			);
			buildRules = (
			);
			dependencies = (
				B5EFDDC01AB3B916006D96B5 /* PBXTargetDependency */,
			);
			name = LoFuAnimalsTests;
			productName = LoFuAnimalsTests;
			productReference = B5EFDDBE1AB3B916006D96B5 /* LoFuAnimalsTests.xctest */;
			productType = "com.apple.product-type.bundle.unit-test";
		};
/* End PBXNativeTarget section */

/* Begin PBXProject section */
		B5EFDDA11AB3B916006D96B5 /* Project object */ = {
			isa = PBXProject;
			attributes = {
				LastUpgradeCheck = 0620;
				ORGANIZATIONNAME = "Stacey & Bryan";
				TargetAttributes = {
					B5EFDDA81AB3B916006D96B5 = {
						CreatedOnToolsVersion = 6.2;
					};
					B5EFDDBD1AB3B916006D96B5 = {
						CreatedOnToolsVersion = 6.2;
						TestTargetID = B5EFDDA81AB3B916006D96B5;
					};
				};
			};
			buildConfigurationList = B5EFDDA41AB3B916006D96B5 /* Build configuration list for PBXProject "LoFuAnimals" */;
			compatibilityVersion = "Xcode 3.2";
			developmentRegion = English;
			hasScannedForEncodings = 0;
			knownRegions = (
				en,
				Base,
			);
			mainGroup = B5EFDDA01AB3B916006D96B5;
			productRefGroup = B5EFDDAA1AB3B916006D96B5 /* Products */;
			projectDirPath = "";
			projectRoot = "";
			targets = (
				B5EFDDA81AB3B916006D96B5 /* LoFuAnimals */,
				B5EFDDBD1AB3B916006D96B5 /* LoFuAnimalsTests */,
			);
		};
/* End PBXProject section */

/* Begin PBXResourcesBuildPhase section */
		B5EFDDA71AB3B916006D96B5 /* Resources */ = {
			isa = PBXResourcesBuildPhase;
			buildActionMask = 2147483647;
			files = (
				B507A7BB1ABE2EEA002AB588 /* OFL.txt in Resources */,
				B507A7B91ABE2EEA002AB588 /* cartoonist_kooky.ttf in Resources */,
				B507A7B81ABE2EEA002AB588 /* cartoonist_kooky_readme.txt in Resources */,
				B5EFDDB41AB3B916006D96B5 /* Main.storyboard in Resources */,
				B5EFDDB91AB3B916006D96B5 /* LaunchScreen.xib in Resources */,
				B5EFDDB61AB3B916006D96B5 /* Images.xcassets in Resources */,
				B507A7BA1ABE2EEA002AB588 /* Delius-Regular.ttf in Resources */,
			);
			runOnlyForDeploymentPostprocessing = 0;
		};
		B5EFDDBC1AB3B916006D96B5 /* Resources */ = {
			isa = PBXResourcesBuildPhase;
			buildActionMask = 2147483647;
			files = (
			);
			runOnlyForDeploymentPostprocessing = 0;
		};
/* End PBXResourcesBuildPhase section */

/* Begin PBXShellScriptBuildPhase section */
		548FD38ECC1B2B1E99C59740 /* Copy Pods Resources */ = {
			isa = PBXShellScriptBuildPhase;
			buildActionMask = 2147483647;
			files = (
			);
			inputPaths = (
			);
			name = "Copy Pods Resources";
			outputPaths = (
			);
			runOnlyForDeploymentPostprocessing = 0;
			shellPath = /bin/sh;
			shellScript = "\"${SRCROOT}/Pods/Target Support Files/Pods-LoFuAnimals/Pods-LoFuAnimals-resources.sh\"\n";
			showEnvVarsInLog = 0;
		};
		8AB62E9D7EDB2ABFBA71F0AA /* Check Pods Manifest.lock */ = {
			isa = PBXShellScriptBuildPhase;
			buildActionMask = 2147483647;
			files = (
			);
			inputPaths = (
			);
			name = "Check Pods Manifest.lock";
			outputPaths = (
			);
			runOnlyForDeploymentPostprocessing = 0;
			shellPath = /bin/sh;
			shellScript = "diff \"${PODS_ROOT}/../Podfile.lock\" \"${PODS_ROOT}/Manifest.lock\" > /dev/null\nif [[ $? != 0 ]] ; then\n    cat << EOM\nerror: The sandbox is not in sync with the Podfile.lock. Run 'pod install' or update your CocoaPods installation.\nEOM\n    exit 1\nfi\n";
			showEnvVarsInLog = 0;
		};
		CD34015A19B1A979CDB01B72 /* Embed Pods Frameworks */ = {
			isa = PBXShellScriptBuildPhase;
			buildActionMask = 2147483647;
			files = (
			);
			inputPaths = (
			);
			name = "Embed Pods Frameworks";
			outputPaths = (
			);
			runOnlyForDeploymentPostprocessing = 0;
			shellPath = /bin/sh;
			shellScript = "\"${SRCROOT}/Pods/Target Support Files/Pods-LoFuAnimals/Pods-LoFuAnimals-frameworks.sh\"\n";
			showEnvVarsInLog = 0;
		};
/* End PBXShellScriptBuildPhase section */

/* Begin PBXSourcesBuildPhase section */
		B5EFDDA51AB3B916006D96B5 /* Sources */ = {
			isa = PBXSourcesBuildPhase;
			buildActionMask = 2147483647;
			files = (
				B53FB74B1AB67B6700BD4BBA /* ViewController.swift in Sources */,
				B53FB7511AB67B9E00BD4BBA /* WritingViewController.swift in Sources */,
				B5EFDDCF1AB3BAF2006D96B5 /* WelcomeViewController.swift in Sources */,
				B57A08F51ABB75E300ABEF5A /* SummaryViewController.swift in Sources */,
				B5EFDDAF1AB3B916006D96B5 /* AppDelegate.swift in Sources */,
				B5F4E6B31AB4CF7900BDCD6B /* FlashcardViewController.swift in Sources */,
				B53FB7451AB65C2F00BD4BBA /* AppState.swift in Sources */,
				B5DDB97D1AB9DFBA00C6F5C6 /* MatchingViewController.swift in Sources */,
			);
			runOnlyForDeploymentPostprocessing = 0;
		};
		B5EFDDBA1AB3B916006D96B5 /* Sources */ = {
			isa = PBXSourcesBuildPhase;
			buildActionMask = 2147483647;
			files = (
				B5EFDDC51AB3B916006D96B5 /* LoFuAnimalsTests.swift in Sources */,
			);
			runOnlyForDeploymentPostprocessing = 0;
		};
/* End PBXSourcesBuildPhase section */

/* Begin PBXTargetDependency section */
		B5EFDDC01AB3B916006D96B5 /* PBXTargetDependency */ = {
			isa = PBXTargetDependency;
			target = B5EFDDA81AB3B916006D96B5 /* LoFuAnimals */;
			targetProxy = B5EFDDBF1AB3B916006D96B5 /* PBXContainerItemProxy */;
		};
/* End PBXTargetDependency section */

/* Begin PBXVariantGroup section */
		B5EFDDB21AB3B916006D96B5 /* Main.storyboard */ = {
			isa = PBXVariantGroup;
			children = (
				B5EFDDB31AB3B916006D96B5 /* Base */,
			);
			name = Main.storyboard;
			sourceTree = "<group>";
		};
		B5EFDDB71AB3B916006D96B5 /* LaunchScreen.xib */ = {
			isa = PBXVariantGroup;
			children = (
				B5EFDDB81AB3B916006D96B5 /* Base */,
			);
			name = LaunchScreen.xib;
			sourceTree = "<group>";
		};
/* End PBXVariantGroup section */

/* Begin XCBuildConfiguration section */
		B5EFDDC61AB3B916006D96B5 /* Debug */ = {
			isa = XCBuildConfiguration;
			buildSettings = {
				ALWAYS_SEARCH_USER_PATHS = NO;
				CLANG_CXX_LANGUAGE_STANDARD = "gnu++0x";
				CLANG_CXX_LIBRARY = "libc++";
				CLANG_ENABLE_MODULES = YES;
				CLANG_ENABLE_OBJC_ARC = YES;
				CLANG_WARN_BOOL_CONVERSION = YES;
				CLANG_WARN_CONSTANT_CONVERSION = YES;
				CLANG_WARN_DIRECT_OBJC_ISA_USAGE = YES_ERROR;
				CLANG_WARN_EMPTY_BODY = YES;
				CLANG_WARN_ENUM_CONVERSION = YES;
				CLANG_WARN_INT_CONVERSION = YES;
				CLANG_WARN_OBJC_ROOT_CLASS = YES_ERROR;
				CLANG_WARN_UNREACHABLE_CODE = YES;
				CLANG_WARN__DUPLICATE_METHOD_MATCH = YES;
				"CODE_SIGN_IDENTITY[sdk=iphoneos*]" = "iPhone Developer";
				COPY_PHASE_STRIP = NO;
				ENABLE_STRICT_OBJC_MSGSEND = YES;
				GCC_C_LANGUAGE_STANDARD = gnu99;
				GCC_DYNAMIC_NO_PIC = NO;
				GCC_OPTIMIZATION_LEVEL = 0;
				GCC_PREPROCESSOR_DEFINITIONS = (
					"DEBUG=1",
					"$(inherited)",
				);
				GCC_SYMBOLS_PRIVATE_EXTERN = NO;
				GCC_WARN_64_TO_32_BIT_CONVERSION = YES;
				GCC_WARN_ABOUT_RETURN_TYPE = YES_ERROR;
				GCC_WARN_UNDECLARED_SELECTOR = YES;
				GCC_WARN_UNINITIALIZED_AUTOS = YES_AGGRESSIVE;
				GCC_WARN_UNUSED_FUNCTION = YES;
				GCC_WARN_UNUSED_VARIABLE = YES;
				IPHONEOS_DEPLOYMENT_TARGET = 8.2;
				MTL_ENABLE_DEBUG_INFO = YES;
				ONLY_ACTIVE_ARCH = YES;
				SDKROOT = iphoneos;
				SWIFT_OPTIMIZATION_LEVEL = "-Onone";
			};
			name = Debug;
		};
		B5EFDDC71AB3B916006D96B5 /* Release */ = {
			isa = XCBuildConfiguration;
			buildSettings = {
				ALWAYS_SEARCH_USER_PATHS = NO;
				CLANG_CXX_LANGUAGE_STANDARD = "gnu++0x";
				CLANG_CXX_LIBRARY = "libc++";
				CLANG_ENABLE_MODULES = YES;
				CLANG_ENABLE_OBJC_ARC = YES;
				CLANG_WARN_BOOL_CONVERSION = YES;
				CLANG_WARN_CONSTANT_CONVERSION = YES;
				CLANG_WARN_DIRECT_OBJC_ISA_USAGE = YES_ERROR;
				CLANG_WARN_EMPTY_BODY = YES;
				CLANG_WARN_ENUM_CONVERSION = YES;
				CLANG_WARN_INT_CONVERSION = YES;
				CLANG_WARN_OBJC_ROOT_CLASS = YES_ERROR;
				CLANG_WARN_UNREACHABLE_CODE = YES;
				CLANG_WARN__DUPLICATE_METHOD_MATCH = YES;
				"CODE_SIGN_IDENTITY[sdk=iphoneos*]" = "iPhone Developer";
				COPY_PHASE_STRIP = NO;
				ENABLE_NS_ASSERTIONS = NO;
				ENABLE_STRICT_OBJC_MSGSEND = YES;
				GCC_C_LANGUAGE_STANDARD = gnu99;
				GCC_WARN_64_TO_32_BIT_CONVERSION = YES;
				GCC_WARN_ABOUT_RETURN_TYPE = YES_ERROR;
				GCC_WARN_UNDECLARED_SELECTOR = YES;
				GCC_WARN_UNINITIALIZED_AUTOS = YES_AGGRESSIVE;
				GCC_WARN_UNUSED_FUNCTION = YES;
				GCC_WARN_UNUSED_VARIABLE = YES;
				IPHONEOS_DEPLOYMENT_TARGET = 8.2;
				MTL_ENABLE_DEBUG_INFO = NO;
				SDKROOT = iphoneos;
				VALIDATE_PRODUCT = YES;
			};
			name = Release;
		};
		B5EFDDC91AB3B916006D96B5 /* Debug */ = {
			isa = XCBuildConfiguration;
			baseConfigurationReference = 380D35A473455F90ADAF9161 /* Pods-LoFuAnimals.debug.xcconfig */;
			buildSettings = {
				ASSETCATALOG_COMPILER_APPICON_NAME = AppIcon;
				INFOPLIST_FILE = LoFuAnimals/Info.plist;
				LD_RUNPATH_SEARCH_PATHS = "$(inherited) @executable_path/Frameworks";
				PRODUCT_NAME = "$(TARGET_NAME)";
			};
			name = Debug;
		};
		B5EFDDCA1AB3B916006D96B5 /* Release */ = {
			isa = XCBuildConfiguration;
			baseConfigurationReference = A9D538043D491C68D301F74B /* Pods-LoFuAnimals.release.xcconfig */;
			buildSettings = {
				ASSETCATALOG_COMPILER_APPICON_NAME = AppIcon;
				INFOPLIST_FILE = LoFuAnimals/Info.plist;
				LD_RUNPATH_SEARCH_PATHS = "$(inherited) @executable_path/Frameworks";
				PRODUCT_NAME = "$(TARGET_NAME)";
			};
			name = Release;
		};
		B5EFDDCC1AB3B916006D96B5 /* Debug */ = {
			isa = XCBuildConfiguration;
			buildSettings = {
				BUNDLE_LOADER = "$(TEST_HOST)";
				FRAMEWORK_SEARCH_PATHS = (
					"$(SDKROOT)/Developer/Library/Frameworks",
					"$(inherited)",
				);
				GCC_PREPROCESSOR_DEFINITIONS = (
					"DEBUG=1",
					"$(inherited)",
				);
				INFOPLIST_FILE = LoFuAnimalsTests/Info.plist;
				LD_RUNPATH_SEARCH_PATHS = "$(inherited) @executable_path/Frameworks @loader_path/Frameworks";
				PRODUCT_NAME = "$(TARGET_NAME)";
				TEST_HOST = "$(BUILT_PRODUCTS_DIR)/LoFuAnimals.app/LoFuAnimals";
			};
			name = Debug;
		};
		B5EFDDCD1AB3B916006D96B5 /* Release */ = {
			isa = XCBuildConfiguration;
			buildSettings = {
				BUNDLE_LOADER = "$(TEST_HOST)";
				FRAMEWORK_SEARCH_PATHS = (
					"$(SDKROOT)/Developer/Library/Frameworks",
					"$(inherited)",
				);
				INFOPLIST_FILE = LoFuAnimalsTests/Info.plist;
				LD_RUNPATH_SEARCH_PATHS = "$(inherited) @executable_path/Frameworks @loader_path/Frameworks";
				PRODUCT_NAME = "$(TARGET_NAME)";
				TEST_HOST = "$(BUILT_PRODUCTS_DIR)/LoFuAnimals.app/LoFuAnimals";
			};
			name = Release;
		};
/* End XCBuildConfiguration section */

/* Begin XCConfigurationList section */
		B5EFDDA41AB3B916006D96B5 /* Build configuration list for PBXProject "LoFuAnimals" */ = {
			isa = XCConfigurationList;
			buildConfigurations = (
				B5EFDDC61AB3B916006D96B5 /* Debug */,
				B5EFDDC71AB3B916006D96B5 /* Release */,
			);
			defaultConfigurationIsVisible = 0;
			defaultConfigurationName = Release;
		};
		B5EFDDC81AB3B916006D96B5 /* Build configuration list for PBXNativeTarget "LoFuAnimals" */ = {
			isa = XCConfigurationList;
			buildConfigurations = (
				B5EFDDC91AB3B916006D96B5 /* Debug */,
				B5EFDDCA1AB3B916006D96B5 /* Release */,
			);
			defaultConfigurationIsVisible = 0;
			defaultConfigurationName = Release;
		};
		B5EFDDCB1AB3B916006D96B5 /* Build configuration list for PBXNativeTarget "LoFuAnimalsTests" */ = {
			isa = XCConfigurationList;
			buildConfigurations = (
				B5EFDDCC1AB3B916006D96B5 /* Debug */,
				B5EFDDCD1AB3B916006D96B5 /* Release */,
			);
			defaultConfigurationIsVisible = 0;
			defaultConfigurationName = Release;
		};
/* End XCConfigurationList section */
	};
	rootObject = B5EFDDA11AB3B916006D96B5 /* Project object */;
}
